
Microsoft Visual Studio Solution File, Format Version 12.00
# Visual Studio Version 17
VisualStudioVersion = 17.11.35312.102
MinimumVisualStudioVersion = 10.0.40219.1
Project("{9A19103F-16F7-4668-BE54-9A1E7A4F7556}") = "TP_RestaurantReviewApp", "TP_RestaurantReviewApp\TP_RestaurantReviewApp.csproj", "{F94FBB9E-B586-4F58-9AA3-BBFC6390FABD}"
EndProject
Project("{FAE04EC0-301F-11D3-BF4B-00C04F79EFBC}") = "ObjectClassLibrary", "ObjectClassLibrary\ObjectClassLibrary.csproj", "{B453A0EF-BB2E-44B6-8417-04165D1C9927}"
EndProject
Project("{FAE04EC0-301F-11D3-BF4B-00C04F79EFBC}") = "DBOperationsClassLibrary", "DBOperationsClassLibrary\DBOperationsClassLibrary.csproj", "{22CFD95C-ADAC-4A2B-B241-DF10FB3858EF}"
EndProject
Project("{FAE04EC0-301F-11D3-BF4B-00C04F79EFBC}") = "Utilties", "Utilties\Utilties.csproj", "{457275DD-E849-40B1-9984-543AE0660CE5}"
EndProject
Project("{FAE04EC0-301F-11D3-BF4B-00C04F79EFBC}") = "RestaurantDBOperations", "RestaurantDBOperations\RestaurantDBOperations.csproj", "{F8166F8E-1C7A-485A-BBAF-E142EC3D4A4B}"
EndProject
Project("{FAE04EC0-301F-11D3-BF4B-00C04F79EFBC}") = "ReviewDBOperations", "ReviewDBOperations\ReviewDBOperations.csproj", "{DE6BB2CB-1B6F-453F-918C-9F926F73184A}"
EndProject
Project("{FAE04EC0-301F-11D3-BF4B-00C04F79EFBC}") = "UserDBOperations", "UserDBOperations\UserDBOperations.csproj", "{606FF8BC-C5CF-4D4E-8D77-6628D0684881}"
EndProject
Project("{FAE04EC0-301F-11D3-BF4B-00C04F79EFBC}") = "ImageDBOperations", "ImageDBOperations\ImageDBOperations.csproj", "{5113F0EA-7AB6-4EE2-8497-38E01CDBAB66}"
EndProject
Project("{FAE04EC0-301F-11D3-BF4B-00C04F79EFBC}") = "SocialMediaDBOperations", "SocialMediaDBOperations\SocialMediaDBOperations.csproj", "{ACB14B05-3A5E-4978-8D65-F1108A464D05}"
EndProject
Project("{FAE04EC0-301F-11D3-BF4B-00C04F79EFBC}") = "ReservationDBOperations", "ReservationDBOperations\ReservationDBOperations.csproj", "{35D60D18-0F0A-47D4-A1FC-94F92DEAE0AE}"
EndProject
Project("{FAE04EC0-301F-11D3-BF4B-00C04F79EFBC}") = "RestaurantAPI", "RestaurantAPI\RestaurantAPI.csproj", "{59C6D131-AA3F-4FDE-B013-D624DDAD35CF}"
EndProject
Global
	GlobalSection(SolutionConfigurationPlatforms) = preSolution
		Debug|Any CPU = Debug|Any CPU
		Release|Any CPU = Release|Any CPU
	EndGlobalSection
	GlobalSection(ProjectConfigurationPlatforms) = postSolution
		{F94FBB9E-B586-4F58-9AA3-BBFC6390FABD}.Debug|Any CPU.ActiveCfg = Debug|Any CPU
		{F94FBB9E-B586-4F58-9AA3-BBFC6390FABD}.Debug|Any CPU.Build.0 = Debug|Any CPU
		{F94FBB9E-B586-4F58-9AA3-BBFC6390FABD}.Release|Any CPU.ActiveCfg = Release|Any CPU
		{F94FBB9E-B586-4F58-9AA3-BBFC6390FABD}.Release|Any CPU.Build.0 = Release|Any CPU
		{B453A0EF-BB2E-44B6-8417-04165D1C9927}.Debug|Any CPU.ActiveCfg = Debug|Any CPU
		{B453A0EF-BB2E-44B6-8417-04165D1C9927}.Debug|Any CPU.Build.0 = Debug|Any CPU
		{B453A0EF-BB2E-44B6-8417-04165D1C9927}.Release|Any CPU.ActiveCfg = Release|Any CPU
		{B453A0EF-BB2E-44B6-8417-04165D1C9927}.Release|Any CPU.Build.0 = Release|Any CPU
		{22CFD95C-ADAC-4A2B-B241-DF10FB3858EF}.Debug|Any CPU.ActiveCfg = Debug|Any CPU
		{22CFD95C-ADAC-4A2B-B241-DF10FB3858EF}.Debug|Any CPU.Build.0 = Debug|Any CPU
		{22CFD95C-ADAC-4A2B-B241-DF10FB3858EF}.Release|Any CPU.ActiveCfg = Release|Any CPU
		{22CFD95C-ADAC-4A2B-B241-DF10FB3858EF}.Release|Any CPU.Build.0 = Release|Any CPU
		{457275DD-E849-40B1-9984-543AE0660CE5}.Debug|Any CPU.ActiveCfg = Debug|Any CPU
		{457275DD-E849-40B1-9984-543AE0660CE5}.Debug|Any CPU.Build.0 = Debug|Any CPU
		{457275DD-E849-40B1-9984-543AE0660CE5}.Release|Any CPU.ActiveCfg = Release|Any CPU
		{457275DD-E849-40B1-9984-543AE0660CE5}.Release|Any CPU.Build.0 = Release|Any CPU
		{F8166F8E-1C7A-485A-BBAF-E142EC3D4A4B}.Debug|Any CPU.ActiveCfg = Debug|Any CPU
		{F8166F8E-1C7A-485A-BBAF-E142EC3D4A4B}.Debug|Any CPU.Build.0 = Debug|Any CPU
		{F8166F8E-1C7A-485A-BBAF-E142EC3D4A4B}.Release|Any CPU.ActiveCfg = Release|Any CPU
		{F8166F8E-1C7A-485A-BBAF-E142EC3D4A4B}.Release|Any CPU.Build.0 = Release|Any CPU
		{DE6BB2CB-1B6F-453F-918C-9F926F73184A}.Debug|Any CPU.ActiveCfg = Debug|Any CPU
		{DE6BB2CB-1B6F-453F-918C-9F926F73184A}.Debug|Any CPU.Build.0 = Debug|Any CPU
		{DE6BB2CB-1B6F-453F-918C-9F926F73184A}.Release|Any CPU.ActiveCfg = Release|Any CPU
		{DE6BB2CB-1B6F-453F-918C-9F926F73184A}.Release|Any CPU.Build.0 = Release|Any CPU
		{606FF8BC-C5CF-4D4E-8D77-6628D0684881}.Debug|Any CPU.ActiveCfg = Debug|Any CPU
		{606FF8BC-C5CF-4D4E-8D77-6628D0684881}.Debug|Any CPU.Build.0 = Debug|Any CPU
		{606FF8BC-C5CF-4D4E-8D77-6628D0684881}.Release|Any CPU.ActiveCfg = Release|Any CPU
		{606FF8BC-C5CF-4D4E-8D77-6628D0684881}.Release|Any CPU.Build.0 = Release|Any CPU
		{5113F0EA-7AB6-4EE2-8497-38E01CDBAB66}.Debug|Any CPU.ActiveCfg = Debug|Any CPU
		{5113F0EA-7AB6-4EE2-8497-38E01CDBAB66}.Debug|Any CPU.Build.0 = Debug|Any CPU
		{5113F0EA-7AB6-4EE2-8497-38E01CDBAB66}.Release|Any CPU.ActiveCfg = Release|Any CPU
		{5113F0EA-7AB6-4EE2-8497-38E01CDBAB66}.Release|Any CPU.Build.0 = Release|Any CPU
		{ACB14B05-3A5E-4978-8D65-F1108A464D05}.Debug|Any CPU.ActiveCfg = Debug|Any CPU
		{ACB14B05-3A5E-4978-8D65-F1108A464D05}.Debug|Any CPU.Build.0 = Debug|Any CPU
		{ACB14B05-3A5E-4978-8D65-F1108A464D05}.Release|Any CPU.ActiveCfg = Release|Any CPU
		{ACB14B05-3A5E-4978-8D65-F1108A464D05}.Release|Any CPU.Build.0 = Release|Any CPU
		{35D60D18-0F0A-47D4-A1FC-94F92DEAE0AE}.Debug|Any CPU.ActiveCfg = Debug|Any CPU
		{35D60D18-0F0A-47D4-A1FC-94F92DEAE0AE}.Debug|Any CPU.Build.0 = Debug|Any CPU
		{35D60D18-0F0A-47D4-A1FC-94F92DEAE0AE}.Release|Any CPU.ActiveCfg = Release|Any CPU
		{35D60D18-0F0A-47D4-A1FC-94F92DEAE0AE}.Release|Any CPU.Build.0 = Release|Any CPU
		{59C6D131-AA3F-4FDE-B013-D624DDAD35CF}.Debug|Any CPU.ActiveCfg = Debug|Any CPU
		{59C6D131-AA3F-4FDE-B013-D624DDAD35CF}.Debug|Any CPU.Build.0 = Debug|Any CPU
		{59C6D131-AA3F-4FDE-B013-D624DDAD35CF}.Release|Any CPU.ActiveCfg = Release|Any CPU
		{59C6D131-AA3F-4FDE-B013-D624DDAD35CF}.Release|Any CPU.Build.0 = Release|Any CPU
	EndGlobalSection
	GlobalSection(SolutionProperties) = preSolution
		HideSolutionNode = FALSE
	EndGlobalSection
	GlobalSection(ExtensibilityGlobals) = postSolution
		SolutionGuid = {CA4515B0-3D98-4DCA-B3AA-8F2AEF86509D}
	EndGlobalSection
EndGlobal
